
Microsoft Visual Studio Solution File, Format Version 12.00
# Visual Studio 15
Project("{FAE04EC0-301F-11D3-BF4B-00C04F79EFBC}") = "Assembly-CSharp", "Assembly-CSharp.csproj", "{FBF0C0F6-9C4D-A080-2247-55F0AEB4C6E9}"
EndProject
Project("{FAE04EC0-301F-11D3-BF4B-00C04F79EFBC}") = "Assembly-CSharp-Editor", "Assembly-CSharp-Editor.csproj", "{81FA3125-FD53-583E-2E7B-D4E40906FC3A}"
EndProject
Global
	GlobalSection(SolutionConfigurationPlatforms) = preSolution
		Debug|Any CPU = Debug|Any CPU
		Release|Any CPU = Release|Any CPU
	EndGlobalSection
	GlobalSection(ProjectConfigurationPlatforms) = postSolution
		{FBF0C0F6-9C4D-A080-2247-55F0AEB4C6E9}.Debug|Any CPU.ActiveCfg = Debug|Any CPU
		{FBF0C0F6-9C4D-A080-2247-55F0AEB4C6E9}.Debug|Any CPU.Build.0 = Debug|Any CPU
		{FBF0C0F6-9C4D-A080-2247-55F0AEB4C6E9}.Release|Any CPU.ActiveCfg = Release|Any CPU
		{FBF0C0F6-9C4D-A080-2247-55F0AEB4C6E9}.Release|Any CPU.Build.0 = Release|Any CPU
		{81FA3125-FD53-583E-2E7B-D4E40906FC3A}.Debug|Any CPU.ActiveCfg = Debug|Any CPU
		{81FA3125-FD53-583E-2E7B-D4E40906FC3A}.Debug|Any CPU.Build.0 = Debug|Any CPU
		{81FA3125-FD53-583E-2E7B-D4E40906FC3A}.Release|Any CPU.ActiveCfg = Release|Any CPU
		{81FA3125-FD53-583E-2E7B-D4E40906FC3A}.Release|Any CPU.Build.0 = Release|Any CPU
	EndGlobalSection
	GlobalSection(SolutionProperties) = preSolution
		HideSolutionNode = FALSE
	EndGlobalSection
EndGlobal
